# Code generated by scarb DO NOT EDIT.
version = 1

[[package]]
name = "lisan_contracts"
version = "0.1.0"
dependencies = [
 "openzeppelin_access",
 "openzeppelin_interfaces",
 "openzeppelin_token",
 "snforge_std",
]

[[package]]
name = "openzeppelin_access"
version = "3.0.0"
source = "git+https://github.com/OpenZeppelin/cairo-contracts.git?branch=main#d4b82bb0f8d5b2be1e0c18b05744c6b1399f0506"
dependencies = [
 "openzeppelin_interfaces",
 "openzeppelin_introspection",
]

[[package]]
name = "openzeppelin_interfaces"
version = "2.1.0"
source = "git+https://github.com/OpenZeppelin/cairo-contracts.git?branch=main#d4b82bb0f8d5b2be1e0c18b05744c6b1399f0506"

[[package]]
name = "openzeppelin_introspection"
version = "3.0.0"
source = "git+https://github.com/OpenZeppelin/cairo-contracts.git?branch=main#d4b82bb0f8d5b2be1e0c18b05744c6b1399f0506"
dependencies = [
 "openzeppelin_interfaces",
]

[[package]]
name = "openzeppelin_token"
version = "3.0.0"
source = "git+https://github.com/OpenZeppelin/cairo-contracts.git?branch=main#d4b82bb0f8d5b2be1e0c18b05744c6b1399f0506"
dependencies = [
 "openzeppelin_access",
 "openzeppelin_interfaces",
 "openzeppelin_introspection",
 "openzeppelin_utils",
]

[[package]]
name = "openzeppelin_utils"
version = "2.1.0"
source = "git+https://github.com/OpenZeppelin/cairo-contracts.git?branch=main#d4b82bb0f8d5b2be1e0c18b05744c6b1399f0506"
dependencies = [
 "openzeppelin_interfaces",
]

[[package]]
name = "snforge_scarb_plugin"
version = "0.55.0"
source = "registry+https://scarbs.xyz/"
checksum = "sha256:638535780a23d1491c2438e64045c479d16de6a69e41ad17ac065272c485873b"

[[package]]
name = "snforge_std"
version = "0.55.0"
source = "registry+https://scarbs.xyz/"
checksum = "sha256:a04b0bf731f02307506dad368713099e701565edd9b98b044ca54b932c29ef74"
dependencies = [
 "snforge_scarb_plugin",
]
